
Microsoft Visual Studio Solution File, Format Version 12.00
# Visual Studio Version 17
VisualStudioVersion = 17.0.31903.59
MinimumVisualStudioVersion = 10.0.40219.1
Project("{2150E333-8FDC-42A3-9474-1A3956D46DE8}") = "src", "src", "{827E0CD3-B72D-47B6-A68D-7590B98EB39B}"
EndProject
Project("{FAE04EC0-301F-11D3-BF4B-00C04F79EFBC}") = "TUM.Domain", "src\TUM.Domain\TUM.Domain.csproj", "{586D0FC8-5A99-4ED9-AF78-63C0417627CE}"
EndProject
Project("{FAE04EC0-301F-11D3-BF4B-00C04F79EFBC}") = "TUM.Application", "src\TUM.Application\TUM.Application.csproj", "{02BB2E9B-A29E-4C17-BBB4-3ABC30BCE039}"
EndProject
Project("{FAE04EC0-301F-11D3-BF4B-00C04F79EFBC}") = "TUM.Infrastructure", "src\TUM.Infraestructure\TUM.Infrastructure.csproj", "{3BBFC793-D871-4E47-B4AA-99689232D2A0}"
EndProject
Project("{FAE04EC0-301F-11D3-BF4B-00C04F79EFBC}") = "TUM.Api", "src\TUM.Api\TUM.Api.csproj", "{052D506B-09C4-437F-A26B-343190F0E453}"
EndProject
Project("{2150E333-8FDC-42A3-9474-1A3956D46DE8}") = "tests", "tests", "{0AB3BF05-4346-4AA6-1389-037BE0695223}"
EndProject
Project("{FAE04EC0-301F-11D3-BF4B-00C04F79EFBC}") = "TUM.UnitTests", "tests\TUM.UnitTests\TUM.UnitTests.csproj", "{1C893470-B78F-4C07-9722-090D1AE66588}"
EndProject
Global
	GlobalSection(SolutionConfigurationPlatforms) = preSolution
		Debug|Any CPU = Debug|Any CPU
		Debug|x64 = Debug|x64
		Debug|x86 = Debug|x86
		Release|Any CPU = Release|Any CPU
		Release|x64 = Release|x64
		Release|x86 = Release|x86
	EndGlobalSection
	GlobalSection(ProjectConfigurationPlatforms) = postSolution
		{586D0FC8-5A99-4ED9-AF78-63C0417627CE}.Debug|Any CPU.ActiveCfg = Debug|Any CPU
		{586D0FC8-5A99-4ED9-AF78-63C0417627CE}.Debug|Any CPU.Build.0 = Debug|Any CPU
		{586D0FC8-5A99-4ED9-AF78-63C0417627CE}.Debug|x64.ActiveCfg = Debug|Any CPU
		{586D0FC8-5A99-4ED9-AF78-63C0417627CE}.Debug|x64.Build.0 = Debug|Any CPU
		{586D0FC8-5A99-4ED9-AF78-63C0417627CE}.Debug|x86.ActiveCfg = Debug|Any CPU
		{586D0FC8-5A99-4ED9-AF78-63C0417627CE}.Debug|x86.Build.0 = Debug|Any CPU
		{586D0FC8-5A99-4ED9-AF78-63C0417627CE}.Release|Any CPU.ActiveCfg = Release|Any CPU
		{586D0FC8-5A99-4ED9-AF78-63C0417627CE}.Release|Any CPU.Build.0 = Release|Any CPU
		{586D0FC8-5A99-4ED9-AF78-63C0417627CE}.Release|x64.ActiveCfg = Release|Any CPU
		{586D0FC8-5A99-4ED9-AF78-63C0417627CE}.Release|x64.Build.0 = Release|Any CPU
		{586D0FC8-5A99-4ED9-AF78-63C0417627CE}.Release|x86.ActiveCfg = Release|Any CPU
		{586D0FC8-5A99-4ED9-AF78-63C0417627CE}.Release|x86.Build.0 = Release|Any CPU
		{02BB2E9B-A29E-4C17-BBB4-3ABC30BCE039}.Debug|Any CPU.ActiveCfg = Debug|Any CPU
		{02BB2E9B-A29E-4C17-BBB4-3ABC30BCE039}.Debug|Any CPU.Build.0 = Debug|Any CPU
		{02BB2E9B-A29E-4C17-BBB4-3ABC30BCE039}.Debug|x64.ActiveCfg = Debug|Any CPU
		{02BB2E9B-A29E-4C17-BBB4-3ABC30BCE039}.Debug|x64.Build.0 = Debug|Any CPU
		{02BB2E9B-A29E-4C17-BBB4-3ABC30BCE039}.Debug|x86.ActiveCfg = Debug|Any CPU
		{02BB2E9B-A29E-4C17-BBB4-3ABC30BCE039}.Debug|x86.Build.0 = Debug|Any CPU
		{02BB2E9B-A29E-4C17-BBB4-3ABC30BCE039}.Release|Any CPU.ActiveCfg = Release|Any CPU
		{02BB2E9B-A29E-4C17-BBB4-3ABC30BCE039}.Release|Any CPU.Build.0 = Release|Any CPU
		{02BB2E9B-A29E-4C17-BBB4-3ABC30BCE039}.Release|x64.ActiveCfg = Release|Any CPU
		{02BB2E9B-A29E-4C17-BBB4-3ABC30BCE039}.Release|x64.Build.0 = Release|Any CPU
		{02BB2E9B-A29E-4C17-BBB4-3ABC30BCE039}.Release|x86.ActiveCfg = Release|Any CPU
		{02BB2E9B-A29E-4C17-BBB4-3ABC30BCE039}.Release|x86.Build.0 = Release|Any CPU
		{3BBFC793-D871-4E47-B4AA-99689232D2A0}.Debug|Any CPU.ActiveCfg = Debug|Any CPU
		{3BBFC793-D871-4E47-B4AA-99689232D2A0}.Debug|Any CPU.Build.0 = Debug|Any CPU
		{3BBFC793-D871-4E47-B4AA-99689232D2A0}.Debug|x64.ActiveCfg = Debug|Any CPU
		{3BBFC793-D871-4E47-B4AA-99689232D2A0}.Debug|x64.Build.0 = Debug|Any CPU
		{3BBFC793-D871-4E47-B4AA-99689232D2A0}.Debug|x86.ActiveCfg = Debug|Any CPU
		{3BBFC793-D871-4E47-B4AA-99689232D2A0}.Debug|x86.Build.0 = Debug|Any CPU
		{3BBFC793-D871-4E47-B4AA-99689232D2A0}.Release|Any CPU.ActiveCfg = Release|Any CPU
		{3BBFC793-D871-4E47-B4AA-99689232D2A0}.Release|Any CPU.Build.0 = Release|Any CPU
		{3BBFC793-D871-4E47-B4AA-99689232D2A0}.Release|x64.ActiveCfg = Release|Any CPU
		{3BBFC793-D871-4E47-B4AA-99689232D2A0}.Release|x64.Build.0 = Release|Any CPU
		{3BBFC793-D871-4E47-B4AA-99689232D2A0}.Release|x86.ActiveCfg = Release|Any CPU
		{3BBFC793-D871-4E47-B4AA-99689232D2A0}.Release|x86.Build.0 = Release|Any CPU
		{052D506B-09C4-437F-A26B-343190F0E453}.Debug|Any CPU.ActiveCfg = Debug|Any CPU
		{052D506B-09C4-437F-A26B-343190F0E453}.Debug|Any CPU.Build.0 = Debug|Any CPU
		{052D506B-09C4-437F-A26B-343190F0E453}.Debug|x64.ActiveCfg = Debug|Any CPU
		{052D506B-09C4-437F-A26B-343190F0E453}.Debug|x64.Build.0 = Debug|Any CPU
		{052D506B-09C4-437F-A26B-343190F0E453}.Debug|x86.ActiveCfg = Debug|Any CPU
		{052D506B-09C4-437F-A26B-343190F0E453}.Debug|x86.Build.0 = Debug|Any CPU
		{052D506B-09C4-437F-A26B-343190F0E453}.Release|Any CPU.ActiveCfg = Release|Any CPU
		{052D506B-09C4-437F-A26B-343190F0E453}.Release|Any CPU.Build.0 = Release|Any CPU
		{052D506B-09C4-437F-A26B-343190F0E453}.Release|x64.ActiveCfg = Release|Any CPU
		{052D506B-09C4-437F-A26B-343190F0E453}.Release|x64.Build.0 = Release|Any CPU
		{052D506B-09C4-437F-A26B-343190F0E453}.Release|x86.ActiveCfg = Release|Any CPU
		{052D506B-09C4-437F-A26B-343190F0E453}.Release|x86.Build.0 = Release|Any CPU
		{1C893470-B78F-4C07-9722-090D1AE66588}.Debug|Any CPU.ActiveCfg = Debug|Any CPU
		{1C893470-B78F-4C07-9722-090D1AE66588}.Debug|Any CPU.Build.0 = Debug|Any CPU
		{1C893470-B78F-4C07-9722-090D1AE66588}.Debug|x64.ActiveCfg = Debug|Any CPU
		{1C893470-B78F-4C07-9722-090D1AE66588}.Debug|x64.Build.0 = Debug|Any CPU
		{1C893470-B78F-4C07-9722-090D1AE66588}.Debug|x86.ActiveCfg = Debug|Any CPU
		{1C893470-B78F-4C07-9722-090D1AE66588}.Debug|x86.Build.0 = Debug|Any CPU
		{1C893470-B78F-4C07-9722-090D1AE66588}.Release|Any CPU.ActiveCfg = Release|Any CPU
		{1C893470-B78F-4C07-9722-090D1AE66588}.Release|Any CPU.Build.0 = Release|Any CPU
		{1C893470-B78F-4C07-9722-090D1AE66588}.Release|x64.ActiveCfg = Release|Any CPU
		{1C893470-B78F-4C07-9722-090D1AE66588}.Release|x64.Build.0 = Release|Any CPU
		{1C893470-B78F-4C07-9722-090D1AE66588}.Release|x86.ActiveCfg = Release|Any CPU
		{1C893470-B78F-4C07-9722-090D1AE66588}.Release|x86.Build.0 = Release|Any CPU
	EndGlobalSection
	GlobalSection(SolutionProperties) = preSolution
		HideSolutionNode = FALSE
	EndGlobalSection
	GlobalSection(NestedProjects) = preSolution
		{586D0FC8-5A99-4ED9-AF78-63C0417627CE} = {827E0CD3-B72D-47B6-A68D-7590B98EB39B}
		{02BB2E9B-A29E-4C17-BBB4-3ABC30BCE039} = {827E0CD3-B72D-47B6-A68D-7590B98EB39B}
		{3BBFC793-D871-4E47-B4AA-99689232D2A0} = {827E0CD3-B72D-47B6-A68D-7590B98EB39B}
		{052D506B-09C4-437F-A26B-343190F0E453} = {827E0CD3-B72D-47B6-A68D-7590B98EB39B}
		{1C893470-B78F-4C07-9722-090D1AE66588} = {0AB3BF05-4346-4AA6-1389-037BE0695223}
	EndGlobalSection
EndGlobal
